{
  "name": "notam_sc_27_3_24",
  "lockfileVersion": 3,
  "requires": true,
  "packages": {
    "": {
      "dependencies": {
        "highlightjs-supercollider": "^1.0.0"
      }
    },
    "node_modules/highlightjs-supercollider": {
      "version": "1.0.0",
      "resolved": "https://registry.npmjs.org/highlightjs-supercollider/-/highlightjs-supercollider-1.0.0.tgz",
      "integrity": "sha512-VhzbMrcqYOuOeOIbeqyPEZUmd1ZPFXF7fhlIrgu9j2aBRRiKaIplu6T0XhMEl7RR0a7fdEDx8rTw9vop/5zzbA=="
    }
  }
}
